// !$*UTF8*$!
{
	archiveVersion = 1;
	classes = {
	};
	objectVersion = 46;
	objects = {

/* Begin PBXBuildFile section */
		424EA8361E2BD7C9002E7D6A /* GDWindowViewController.swift in Sources */ = {isa = PBXBuildFile; fileRef = 424EA8351E2BD7C9002E7D6A /* GDWindowViewController.swift */; };
		428FE57F1E1D268100F85C8B /* GDPerformanceMonitorDelegate.swift in Sources */ = {isa = PBXBuildFile; fileRef = 428FE57E1E1D268100F85C8B /* GDPerformanceMonitorDelegate.swift */; };
		42AD06F31E1D18C400A5C840 /* AppDelegate.swift in Sources */ = {isa = PBXBuildFile; fileRef = 42AD06E71E1D18C400A5C840 /* AppDelegate.swift */; };
		42AD06F41E1D18C400A5C840 /* Assets.xcassets in Resources */ = {isa = PBXBuildFile; fileRef = 42AD06E81E1D18C400A5C840 /* Assets.xcassets */; };
		42AD06F51E1D18C400A5C840 /* LaunchScreen.storyboard in Resources */ = {isa = PBXBuildFile; fileRef = 42AD06E91E1D18C400A5C840 /* LaunchScreen.storyboard */; };
		42AD06F61E1D18C400A5C840 /* Main.storyboard in Resources */ = {isa = PBXBuildFile; fileRef = 42AD06EB1E1D18C400A5C840 /* Main.storyboard */; };
		42AD06F71E1D18C400A5C840 /* GDMarginLabel.swift in Sources */ = {isa = PBXBuildFile; fileRef = 42AD06EE1E1D18C400A5C840 /* GDMarginLabel.swift */; };
		42AD06F81E1D18C400A5C840 /* GDPerformanceMonitor.swift in Sources */ = {isa = PBXBuildFile; fileRef = 42AD06EF1E1D18C400A5C840 /* GDPerformanceMonitor.swift */; };
		42AD06F91E1D18C400A5C840 /* GDPerformanceView.swift in Sources */ = {isa = PBXBuildFile; fileRef = 42AD06F01E1D18C400A5C840 /* GDPerformanceView.swift */; };
		42C2CBE81E244D6300A96A93 /* GDPerformanceView-iOS.h in Headers */ = {isa = PBXBuildFile; fileRef = 42C2CBE61E244D6300A96A93 /* GDPerformanceView-iOS.h */; settings = {ATTRIBUTES = (Public, ); }; };
		42C2CBEB1E244D6300A96A93 /* GDPerformanceView.framework in Frameworks */ = {isa = PBXBuildFile; fileRef = 42C2CBE41E244D6300A96A93 /* GDPerformanceView.framework */; };
		42C2CBEC1E244D6300A96A93 /* GDPerformanceView.framework in Embed Frameworks */ = {isa = PBXBuildFile; fileRef = 42C2CBE41E244D6300A96A93 /* GDPerformanceView.framework */; settings = {ATTRIBUTES = (CodeSignOnCopy, RemoveHeadersOnCopy, ); }; };
		A5D699591E30FF3600D99B25 /* GDPerformanceMonitor.swift in Sources */ = {isa = PBXBuildFile; fileRef = 42AD06EF1E1D18C400A5C840 /* GDPerformanceMonitor.swift */; };
		A5D6995A1E30FF3600D99B25 /* GDPerformanceView.swift in Sources */ = {isa = PBXBuildFile; fileRef = 42AD06F01E1D18C400A5C840 /* GDPerformanceView.swift */; };
		A5D6995B1E30FF3600D99B25 /* GDMarginLabel.swift in Sources */ = {isa = PBXBuildFile; fileRef = 42AD06EE1E1D18C400A5C840 /* GDMarginLabel.swift */; };
		A5D6995C1E30FF3600D99B25 /* GDWindowViewController.swift in Sources */ = {isa = PBXBuildFile; fileRef = 424EA8351E2BD7C9002E7D6A /* GDWindowViewController.swift */; };
		A5D6995D1E30FF3600D99B25 /* GDPerformanceMonitorDelegate.swift in Sources */ = {isa = PBXBuildFile; fileRef = 428FE57E1E1D268100F85C8B /* GDPerformanceMonitorDelegate.swift */; };
/* End PBXBuildFile section */

/* Begin PBXContainerItemProxy section */
		42C2CBE91E244D6300A96A93 /* PBXContainerItemProxy */ = {
			isa = PBXContainerItemProxy;
			containerPortal = 4237B6D01E0FE2290059FF8B /* Project object */;
			proxyType = 1;
			remoteGlobalIDString = 42C2CBE31E244D6300A96A93;
			remoteInfo = "GDPerformanceView-iOS";
		};
/* End PBXContainerItemProxy section */

/* Begin PBXCopyFilesBuildPhase section */
		42630D0B1E24439C005AAE56 /* Embed Frameworks */ = {
			isa = PBXCopyFilesBuildPhase;
			buildActionMask = 2147483647;
			dstPath = "";
			dstSubfolderSpec = 10;
			files = (
				42C2CBEC1E244D6300A96A93 /* GDPerformanceView.framework in Embed Frameworks */,
			);
			name = "Embed Frameworks";
			runOnlyForDeploymentPostprocessing = 0;
		};
/* End PBXCopyFilesBuildPhase section */

/* Begin PBXFileReference section */
		4237B6D81E0FE22A0059FF8B /* GDPerformanceView-Swift.app */ = {isa = PBXFileReference; explicitFileType = wrapper.application; includeInIndex = 0; path = "GDPerformanceView-Swift.app"; sourceTree = BUILT_PRODUCTS_DIR; };
		424EA8351E2BD7C9002E7D6A /* GDWindowViewController.swift */ = {isa = PBXFileReference; fileEncoding = 4; lastKnownFileType = sourcecode.swift; path = GDWindowViewController.swift; sourceTree = "<group>"; };
		428FE57E1E1D268100F85C8B /* GDPerformanceMonitorDelegate.swift */ = {isa = PBXFileReference; fileEncoding = 4; lastKnownFileType = sourcecode.swift; path = GDPerformanceMonitorDelegate.swift; sourceTree = "<group>"; };
		42AD06E71E1D18C400A5C840 /* AppDelegate.swift */ = {isa = PBXFileReference; fileEncoding = 4; lastKnownFileType = sourcecode.swift; path = AppDelegate.swift; sourceTree = "<group>"; };
		42AD06E81E1D18C400A5C840 /* Assets.xcassets */ = {isa = PBXFileReference; lastKnownFileType = folder.assetcatalog; path = Assets.xcassets; sourceTree = "<group>"; };
		42AD06EA1E1D18C400A5C840 /* Base */ = {isa = PBXFileReference; lastKnownFileType = file.storyboard; name = Base; path = Base.lproj/LaunchScreen.storyboard; sourceTree = "<group>"; };
		42AD06EC1E1D18C400A5C840 /* Base */ = {isa = PBXFileReference; lastKnownFileType = file.storyboard; name = Base; path = Base.lproj/Main.storyboard; sourceTree = "<group>"; };
		42AD06EE1E1D18C400A5C840 /* GDMarginLabel.swift */ = {isa = PBXFileReference; fileEncoding = 4; lastKnownFileType = sourcecode.swift; path = GDMarginLabel.swift; sourceTree = "<group>"; };
		42AD06EF1E1D18C400A5C840 /* GDPerformanceMonitor.swift */ = {isa = PBXFileReference; fileEncoding = 4; lastKnownFileType = sourcecode.swift; path = GDPerformanceMonitor.swift; sourceTree = "<group>"; };
		42AD06F01E1D18C400A5C840 /* GDPerformanceView.swift */ = {isa = PBXFileReference; fileEncoding = 4; lastKnownFileType = sourcecode.swift; path = GDPerformanceView.swift; sourceTree = "<group>"; };
		42AD06F11E1D18C400A5C840 /* Info.plist */ = {isa = PBXFileReference; fileEncoding = 4; lastKnownFileType = text.plist.xml; path = Info.plist; sourceTree = "<group>"; };
		42C2CBE41E244D6300A96A93 /* GDPerformanceView.framework */ = {isa = PBXFileReference; explicitFileType = wrapper.framework; includeInIndex = 0; path = GDPerformanceView.framework; sourceTree = BUILT_PRODUCTS_DIR; };
		42C2CBE61E244D6300A96A93 /* GDPerformanceView-iOS.h */ = {isa = PBXFileReference; lastKnownFileType = sourcecode.c.h; path = "GDPerformanceView-iOS.h"; sourceTree = "<group>"; };
		42C2CBE71E244D6300A96A93 /* Info.plist */ = {isa = PBXFileReference; lastKnownFileType = text.plist.xml; path = Info.plist; sourceTree = "<group>"; };
/* End PBXFileReference section */

/* Begin PBXFrameworksBuildPhase section */
		4237B6D51E0FE2290059FF8B /* Frameworks */ = {
			isa = PBXFrameworksBuildPhase;
			buildActionMask = 2147483647;
			files = (
				42C2CBEB1E244D6300A96A93 /* GDPerformanceView.framework in Frameworks */,
			);
			runOnlyForDeploymentPostprocessing = 0;
		};
		42C2CBE01E244D6300A96A93 /* Frameworks */ = {
			isa = PBXFrameworksBuildPhase;
			buildActionMask = 2147483647;
			files = (
			);
			runOnlyForDeploymentPostprocessing = 0;
		};
/* End PBXFrameworksBuildPhase section */

/* Begin PBXGroup section */
		4237B6CF1E0FE2290059FF8B = {
			isa = PBXGroup;
			children = (
				42AD06E61E1D18C400A5C840 /* GDPerformanceView-Swift */,
				42C2CBE51E244D6300A96A93 /* GDPerformanceView-iOS */,
				4237B6D91E0FE22A0059FF8B /* Products */,
			);
			sourceTree = "<group>";
		};
		4237B6D91E0FE22A0059FF8B /* Products */ = {
			isa = PBXGroup;
			children = (
				4237B6D81E0FE22A0059FF8B /* GDPerformanceView-Swift.app */,
				42C2CBE41E244D6300A96A93 /* GDPerformanceView.framework */,
			);
			name = Products;
			sourceTree = "<group>";
		};
		42AD06E61E1D18C400A5C840 /* GDPerformanceView-Swift */ = {
			isa = PBXGroup;
			children = (
				42AD06ED1E1D18C400A5C840 /* GDPerformanceMonitoring */,
				42AD06E71E1D18C400A5C840 /* AppDelegate.swift */,
				42AD06E81E1D18C400A5C840 /* Assets.xcassets */,
				42AD06E91E1D18C400A5C840 /* LaunchScreen.storyboard */,
				42AD06EB1E1D18C400A5C840 /* Main.storyboard */,
				42AD06F11E1D18C400A5C840 /* Info.plist */,
			);
			path = "GDPerformanceView-Swift";
			sourceTree = "<group>";
		};
		42AD06ED1E1D18C400A5C840 /* GDPerformanceMonitoring */ = {
			isa = PBXGroup;
			children = (
				42AD06EF1E1D18C400A5C840 /* GDPerformanceMonitor.swift */,
				42AD06F01E1D18C400A5C840 /* GDPerformanceView.swift */,
				42AD06EE1E1D18C400A5C840 /* GDMarginLabel.swift */,
				424EA8351E2BD7C9002E7D6A /* GDWindowViewController.swift */,
				428FE57E1E1D268100F85C8B /* GDPerformanceMonitorDelegate.swift */,
			);
			path = GDPerformanceMonitoring;
			sourceTree = "<group>";
		};
		42C2CBE51E244D6300A96A93 /* GDPerformanceView-iOS */ = {
			isa = PBXGroup;
			children = (
				42C2CBE61E244D6300A96A93 /* GDPerformanceView-iOS.h */,
				42C2CBE71E244D6300A96A93 /* Info.plist */,
			);
			path = "GDPerformanceView-iOS";
			sourceTree = "<group>";
		};
/* End PBXGroup section */

/* Begin PBXHeadersBuildPhase section */
		42C2CBE11E244D6300A96A93 /* Headers */ = {
			isa = PBXHeadersBuildPhase;
			buildActionMask = 2147483647;
			files = (
				42C2CBE81E244D6300A96A93 /* GDPerformanceView-iOS.h in Headers */,
			);
			runOnlyForDeploymentPostprocessing = 0;
		};
/* End PBXHeadersBuildPhase section */

/* Begin PBXNativeTarget section */
		4237B6D71E0FE2290059FF8B /* GDPerformanceView-Swift */ = {
			isa = PBXNativeTarget;
			buildConfigurationList = 4237B6EA1E0FE22A0059FF8B /* Build configuration list for PBXNativeTarget "GDPerformanceView-Swift" */;
			buildPhases = (
				4237B6D41E0FE2290059FF8B /* Sources */,
				4237B6D51E0FE2290059FF8B /* Frameworks */,
				4237B6D61E0FE2290059FF8B /* Resources */,
				42630D0B1E24439C005AAE56 /* Embed Frameworks */,
			);
			buildRules = (
			);
			dependencies = (
				42C2CBEA1E244D6300A96A93 /* PBXTargetDependency */,
			);
			name = "GDPerformanceView-Swift";
			productName = "GDPerfomanceView-Swift";
			productReference = 4237B6D81E0FE22A0059FF8B /* GDPerformanceView-Swift.app */;
			productType = "com.apple.product-type.application";
		};
		42C2CBE31E244D6300A96A93 /* GDPerformanceView-iOS */ = {
			isa = PBXNativeTarget;
			buildConfigurationList = 42C2CBED1E244D6300A96A93 /* Build configuration list for PBXNativeTarget "GDPerformanceView-iOS" */;
			buildPhases = (
				42C2CBDF1E244D6300A96A93 /* Sources */,
				42C2CBE01E244D6300A96A93 /* Frameworks */,
				42C2CBE11E244D6300A96A93 /* Headers */,
				42C2CBE21E244D6300A96A93 /* Resources */,
			);
			buildRules = (
			);
			dependencies = (
			);
			name = "GDPerformanceView-iOS";
			productName = "GDPerformanceView-iOS";
			productReference = 42C2CBE41E244D6300A96A93 /* GDPerformanceView.framework */;
			productType = "com.apple.product-type.framework";
		};
/* End PBXNativeTarget section */

/* Begin PBXProject section */
		4237B6D01E0FE2290059FF8B /* Project object */ = {
			isa = PBXProject;
			attributes = {
				LastSwiftUpdateCheck = 0820;
				LastUpgradeCheck = 0820;
				ORGANIZATIONNAME = "Daniil Gavrilov";
				TargetAttributes = {
					4237B6D71E0FE2290059FF8B = {
						CreatedOnToolsVersion = 8.2;
						DevelopmentTeam = RU64C364MT;
						ProvisioningStyle = Automatic;
					};
					42C2CBE31E244D6300A96A93 = {
						CreatedOnToolsVersion = 8.2.1;
						DevelopmentTeam = RU64C364MT;
						ProvisioningStyle = Automatic;
					};
				};
			};
			buildConfigurationList = 4237B6D31E0FE2290059FF8B /* Build configuration list for PBXProject "GDPerformanceView-Swift" */;
			compatibilityVersion = "Xcode 3.2";
			developmentRegion = English;
			hasScannedForEncodings = 0;
			knownRegions = (
				en,
				Base,
			);
			mainGroup = 4237B6CF1E0FE2290059FF8B;
			productRefGroup = 4237B6D91E0FE22A0059FF8B /* Products */;
			projectDirPath = "";
			projectRoot = "";
			targets = (
				4237B6D71E0FE2290059FF8B /* GDPerformanceView-Swift */,
				42C2CBE31E244D6300A96A93 /* GDPerformanceView-iOS */,
			);
		};
/* End PBXProject section */

/* Begin PBXResourcesBuildPhase section */
		4237B6D61E0FE2290059FF8B /* Resources */ = {
			isa = PBXResourcesBuildPhase;
			buildActionMask = 2147483647;
			files = (
				42AD06F61E1D18C400A5C840 /* Main.storyboard in Resources */,
				42AD06F41E1D18C400A5C840 /* Assets.xcassets in Resources */,
				42AD06F51E1D18C400A5C840 /* LaunchScreen.storyboard in Resources */,
			);
			runOnlyForDeploymentPostprocessing = 0;
		};
		42C2CBE21E244D6300A96A93 /* Resources */ = {
			isa = PBXResourcesBuildPhase;
			buildActionMask = 2147483647;
			files = (
			);
			runOnlyForDeploymentPostprocessing = 0;
		};
/* End PBXResourcesBuildPhase section */

/* Begin PBXSourcesBuildPhase section */
		4237B6D41E0FE2290059FF8B /* Sources */ = {
			isa = PBXSourcesBuildPhase;
			buildActionMask = 2147483647;
			files = (
				42AD06F31E1D18C400A5C840 /* AppDelegate.swift in Sources */,
				42AD06F71E1D18C400A5C840 /* GDMarginLabel.swift in Sources */,
				42AD06F91E1D18C400A5C840 /* GDPerformanceView.swift in Sources */,
				424EA8361E2BD7C9002E7D6A /* GDWindowViewController.swift in Sources */,
				428FE57F1E1D268100F85C8B /* GDPerformanceMonitorDelegate.swift in Sources */,
				42AD06F81E1D18C400A5C840 /* GDPerformanceMonitor.swift in Sources */,
			);
			runOnlyForDeploymentPostprocessing = 0;
		};
		42C2CBDF1E244D6300A96A93 /* Sources */ = {
			isa = PBXSourcesBuildPhase;
			buildActionMask = 2147483647;
			files = (
				A5D699591E30FF3600D99B25 /* GDPerformanceMonitor.swift in Sources */,
				A5D6995A1E30FF3600D99B25 /* GDPerformanceView.swift in Sources */,
				A5D6995B1E30FF3600D99B25 /* GDMarginLabel.swift in Sources */,
				A5D6995C1E30FF3600D99B25 /* GDWindowViewController.swift in Sources */,
				A5D6995D1E30FF3600D99B25 /* GDPerformanceMonitorDelegate.swift in Sources */,
			);
			runOnlyForDeploymentPostprocessing = 0;
		};
/* End PBXSourcesBuildPhase section */

/* Begin PBXTargetDependency section */
		42C2CBEA1E244D6300A96A93 /* PBXTargetDependency */ = {
			isa = PBXTargetDependency;
			target = 42C2CBE31E244D6300A96A93 /* GDPerformanceView-iOS */;
			targetProxy = 42C2CBE91E244D6300A96A93 /* PBXContainerItemProxy */;
		};
/* End PBXTargetDependency section */

/* Begin PBXVariantGroup section */
		42AD06E91E1D18C400A5C840 /* LaunchScreen.storyboard */ = {
			isa = PBXVariantGroup;
			children = (
				42AD06EA1E1D18C400A5C840 /* Base */,
			);
			name = LaunchScreen.storyboard;
			sourceTree = "<group>";
		};
		42AD06EB1E1D18C400A5C840 /* Main.storyboard */ = {
			isa = PBXVariantGroup;
			children = (
				42AD06EC1E1D18C400A5C840 /* Base */,
			);
			name = Main.storyboard;
			sourceTree = "<group>";
		};
/* End PBXVariantGroup section */

/* Begin XCBuildConfiguration section */
		4237B6E81E0FE22A0059FF8B /* Debug */ = {
			isa = XCBuildConfiguration;
			buildSettings = {
				ALWAYS_SEARCH_USER_PATHS = NO;
				CLANG_ANALYZER_NONNULL = YES;
				CLANG_CXX_LANGUAGE_STANDARD = "gnu++0x";
				CLANG_CXX_LIBRARY = "libc++";
				CLANG_ENABLE_MODULES = YES;
				CLANG_ENABLE_OBJC_ARC = YES;
				CLANG_WARN_BOOL_CONVERSION = YES;
				CLANG_WARN_CONSTANT_CONVERSION = YES;
				CLANG_WARN_DIRECT_OBJC_ISA_USAGE = YES_ERROR;
				CLANG_WARN_DOCUMENTATION_COMMENTS = YES;
				CLANG_WARN_EMPTY_BODY = YES;
				CLANG_WARN_ENUM_CONVERSION = YES;
				CLANG_WARN_INFINITE_RECURSION = YES;
				CLANG_WARN_INT_CONVERSION = YES;
				CLANG_WARN_OBJC_ROOT_CLASS = YES_ERROR;
				CLANG_WARN_SUSPICIOUS_MOVE = YES;
				CLANG_WARN_UNREACHABLE_CODE = YES;
				CLANG_WARN__DUPLICATE_METHOD_MATCH = YES;
				"CODE_SIGN_IDENTITY[sdk=iphoneos*]" = "iPhone Developer";
				COPY_PHASE_STRIP = NO;
				DEBUG_INFORMATION_FORMAT = dwarf;
				ENABLE_STRICT_OBJC_MSGSEND = YES;
				ENABLE_TESTABILITY = YES;
				GCC_C_LANGUAGE_STANDARD = gnu99;
				GCC_DYNAMIC_NO_PIC = NO;
				GCC_NO_COMMON_BLOCKS = YES;
				GCC_OPTIMIZATION_LEVEL = 0;
				GCC_PREPROCESSOR_DEFINITIONS = (
					"DEBUG=1",
					"$(inherited)",
				);
				GCC_WARN_64_TO_32_BIT_CONVERSION = YES;
				GCC_WARN_ABOUT_RETURN_TYPE = YES_ERROR;
				GCC_WARN_UNDECLARED_SELECTOR = YES;
				GCC_WARN_UNINITIALIZED_AUTOS = YES_AGGRESSIVE;
				GCC_WARN_UNUSED_FUNCTION = YES;
				GCC_WARN_UNUSED_VARIABLE = YES;
				IPHONEOS_DEPLOYMENT_TARGET = 8.0;
				MTL_ENABLE_DEBUG_INFO = YES;
				ONLY_ACTIVE_ARCH = YES;
				SDKROOT = iphoneos;
				SWIFT_ACTIVE_COMPILATION_CONDITIONS = DEBUG;
				SWIFT_OPTIMIZATION_LEVEL = "-Onone";
				TARGETED_DEVICE_FAMILY = "1,2";
			};
			name = Debug;
		};
		4237B6E91E0FE22A0059FF8B /* Release */ = {
			isa = XCBuildConfiguration;
			buildSettings = {
				ALWAYS_SEARCH_USER_PATHS = NO;
				CLANG_ANALYZER_NONNULL = YES;
				CLANG_CXX_LANGUAGE_STANDARD = "gnu++0x";
				CLANG_CXX_LIBRARY = "libc++";
				CLANG_ENABLE_MODULES = YES;
				CLANG_ENABLE_OBJC_ARC = YES;
				CLANG_WARN_BOOL_CONVERSION = YES;
				CLANG_WARN_CONSTANT_CONVERSION = YES;
				CLANG_WARN_DIRECT_OBJC_ISA_USAGE = YES_ERROR;
				CLANG_WARN_DOCUMENTATION_COMMENTS = YES;
				CLANG_WARN_EMPTY_BODY = YES;
				CLANG_WARN_ENUM_CONVERSION = YES;
				CLANG_WARN_INFINITE_RECURSION = YES;
				CLANG_WARN_INT_CONVERSION = YES;
				CLANG_WARN_OBJC_ROOT_CLASS = YES_ERROR;
				CLANG_WARN_SUSPICIOUS_MOVE = YES;
				CLANG_WARN_UNREACHABLE_CODE = YES;
				CLANG_WARN__DUPLICATE_METHOD_MATCH = YES;
				"CODE_SIGN_IDENTITY[sdk=iphoneos*]" = "iPhone Developer";
				COPY_PHASE_STRIP = NO;
				DEBUG_INFORMATION_FORMAT = "dwarf-with-dsym";
				ENABLE_NS_ASSERTIONS = NO;
				ENABLE_STRICT_OBJC_MSGSEND = YES;
				GCC_C_LANGUAGE_STANDARD = gnu99;
				GCC_NO_COMMON_BLOCKS = YES;
				GCC_WARN_64_TO_32_BIT_CONVERSION = YES;
				GCC_WARN_ABOUT_RETURN_TYPE = YES_ERROR;
				GCC_WARN_UNDECLARED_SELECTOR = YES;
				GCC_WARN_UNINITIALIZED_AUTOS = YES_AGGRESSIVE;
				GCC_WARN_UNUSED_FUNCTION = YES;
				GCC_WARN_UNUSED_VARIABLE = YES;
				IPHONEOS_DEPLOYMENT_TARGET = 8.0;
				MTL_ENABLE_DEBUG_INFO = NO;
				SDKROOT = iphoneos;
				SWIFT_OPTIMIZATION_LEVEL = "-Owholemodule";
				TARGETED_DEVICE_FAMILY = "1,2";
				VALIDATE_PRODUCT = YES;
			};
			name = Release;
		};
		4237B6EB1E0FE22A0059FF8B /* Debug */ = {
			isa = XCBuildConfiguration;
			buildSettings = {
				ALWAYS_EMBED_SWIFT_STANDARD_LIBRARIES = YES;
				ASSETCATALOG_COMPILER_APPICON_NAME = AppIcon;
				DEVELOPMENT_TEAM = RU64C364MT;
				INFOPLIST_FILE = "GDPerformanceView-Swift/Info.plist";
				IPHONEOS_DEPLOYMENT_TARGET = 8.0;
				LD_RUNPATH_SEARCH_PATHS = "$(inherited) @executable_path/Frameworks";
				PRODUCT_BUNDLE_IDENTIFIER = "GD.GDPerformanceView-Swift";
				PRODUCT_NAME = "$(TARGET_NAME)";
				SWIFT_VERSION = 3.0;
			};
			name = Debug;
		};
		4237B6EC1E0FE22A0059FF8B /* Release */ = {
			isa = XCBuildConfiguration;
			buildSettings = {
				ALWAYS_EMBED_SWIFT_STANDARD_LIBRARIES = YES;
				ASSETCATALOG_COMPILER_APPICON_NAME = AppIcon;
				DEVELOPMENT_TEAM = RU64C364MT;
				INFOPLIST_FILE = "GDPerformanceView-Swift/Info.plist";
				IPHONEOS_DEPLOYMENT_TARGET = 8.0;
				LD_RUNPATH_SEARCH_PATHS = "$(inherited) @executable_path/Frameworks";
				PRODUCT_BUNDLE_IDENTIFIER = "GD.GDPerformanceView-Swift";
				PRODUCT_NAME = "$(TARGET_NAME)";
				SWIFT_VERSION = 3.0;
			};
			name = Release;
		};
		42C2CBEE1E244D6300A96A93 /* Debug */ = {
			isa = XCBuildConfiguration;
			buildSettings = {
				CODE_SIGN_IDENTITY = "";
				CURRENT_PROJECT_VERSION = 1;
				DEFINES_MODULE = YES;
				DEVELOPMENT_TEAM = RU64C364MT;
				DYLIB_COMPATIBILITY_VERSION = 1;
				DYLIB_CURRENT_VERSION = 1;
				DYLIB_INSTALL_NAME_BASE = "@rpath";
				INFOPLIST_FILE = "GDPerformanceView-iOS/Info.plist";
				INSTALL_PATH = "$(LOCAL_LIBRARY_DIR)/Frameworks";
				IPHONEOS_DEPLOYMENT_TARGET = 8.0;
				LD_RUNPATH_SEARCH_PATHS = "$(inherited) @executable_path/Frameworks @loader_path/Frameworks";
				PRODUCT_BUNDLE_IDENTIFIER = "GD.GDPerformanceView-iOS";
				PRODUCT_NAME = GDPerformanceView;
				SKIP_INSTALL = YES;
				SWIFT_VERSION = 3.0;
				VERSIONING_SYSTEM = "apple-generic";
				VERSION_INFO_PREFIX = "";
			};
			name = Debug;
		};
		42C2CBEF1E244D6300A96A93 /* Release */ = {
			isa = XCBuildConfiguration;
			buildSettings = {
				CODE_SIGN_IDENTITY = "";
				CURRENT_PROJECT_VERSION = 1;
				DEFINES_MODULE = YES;
				DEVELOPMENT_TEAM = RU64C364MT;
				DYLIB_COMPATIBILITY_VERSION = 1;
				DYLIB_CURRENT_VERSION = 1;
				DYLIB_INSTALL_NAME_BASE = "@rpath";
				INFOPLIST_FILE = "GDPerformanceView-iOS/Info.plist";
				INSTALL_PATH = "$(LOCAL_LIBRARY_DIR)/Frameworks";
				IPHONEOS_DEPLOYMENT_TARGET = 8.0;
				LD_RUNPATH_SEARCH_PATHS = "$(inherited) @executable_path/Frameworks @loader_path/Frameworks";
				PRODUCT_BUNDLE_IDENTIFIER = "GD.GDPerformanceView-iOS";
				PRODUCT_NAME = GDPerformanceView;
				SKIP_INSTALL = YES;
				SWIFT_VERSION = 3.0;
				VERSIONING_SYSTEM = "apple-generic";
				VERSION_INFO_PREFIX = "";
			};
			name = Release;
		};
/* End XCBuildConfiguration section */

/* Begin XCConfigurationList section */
		4237B6D31E0FE2290059FF8B /* Build configuration list for PBXProject "GDPerformanceView-Swift" */ = {
			isa = XCConfigurationList;
			buildConfigurations = (
				4237B6E81E0FE22A0059FF8B /* Debug */,
				4237B6E91E0FE22A0059FF8B /* Release */,
			);
			defaultConfigurationIsVisible = 0;
			defaultConfigurationName = Release;
		};
		4237B6EA1E0FE22A0059FF8B /* Build configuration list for PBXNativeTarget "GDPerformanceView-Swift" */ = {
			isa = XCConfigurationList;
			buildConfigurations = (
				4237B6EB1E0FE22A0059FF8B /* Debug */,
				4237B6EC1E0FE22A0059FF8B /* Release */,
			);
			defaultConfigurationIsVisible = 0;
			defaultConfigurationName = Release;
		};
		42C2CBED1E244D6300A96A93 /* Build configuration list for PBXNativeTarget "GDPerformanceView-iOS" */ = {
			isa = XCConfigurationList;
			buildConfigurations = (
				42C2CBEE1E244D6300A96A93 /* Debug */,
				42C2CBEF1E244D6300A96A93 /* Release */,
			);
			defaultConfigurationIsVisible = 0;
			defaultConfigurationName = Release;
		};
/* End XCConfigurationList section */
	};
	rootObject = 4237B6D01E0FE2290059FF8B /* Project object */;
}
