// !$*UTF8*$!
{
	archiveVersion = 1;
	classes = {
	};
	objectVersion = 46;
	objects = {

/* Begin PBXBuildFile section */
		0C93DF6884202C8B553C9916 /* Pods_Example_CocoaPods.framework in Frameworks */ = {isa = PBXBuildFile; fileRef = 3667270BEF3BB1959C5517EB /* Pods_Example_CocoaPods.framework */; };
		42908DF01E2583B8002F71AE /* AppDelegate.swift in Sources */ = {isa = PBXBuildFile; fileRef = 42908DEF1E2583B8002F71AE /* AppDelegate.swift */; };
		42908DF21E2583B8002F71AE /* ViewController.swift in Sources */ = {isa = PBXBuildFile; fileRef = 42908DF11E2583B8002F71AE /* ViewController.swift */; };
		42908DF51E2583B8002F71AE /* Main.storyboard in Resources */ = {isa = PBXBuildFile; fileRef = 42908DF31E2583B8002F71AE /* Main.storyboard */; };
		42908DF71E2583B8002F71AE /* Assets.xcassets in Resources */ = {isa = PBXBuildFile; fileRef = 42908DF61E2583B8002F71AE /* Assets.xcassets */; };
		42908DFA1E2583B8002F71AE /* LaunchScreen.storyboard in Resources */ = {isa = PBXBuildFile; fileRef = 42908DF81E2583B8002F71AE /* LaunchScreen.storyboard */; };
/* End PBXBuildFile section */

/* Begin PBXFileReference section */
		3667270BEF3BB1959C5517EB /* Pods_Example_CocoaPods.framework */ = {isa = PBXFileReference; explicitFileType = wrapper.framework; includeInIndex = 0; path = Pods_Example_CocoaPods.framework; sourceTree = BUILT_PRODUCTS_DIR; };
		42908DEC1E2583B8002F71AE /* Example-CocoaPods.app */ = {isa = PBXFileReference; explicitFileType = wrapper.application; includeInIndex = 0; path = "Example-CocoaPods.app"; sourceTree = BUILT_PRODUCTS_DIR; };
		42908DEF1E2583B8002F71AE /* AppDelegate.swift */ = {isa = PBXFileReference; lastKnownFileType = sourcecode.swift; path = AppDelegate.swift; sourceTree = "<group>"; };
		42908DF11E2583B8002F71AE /* ViewController.swift */ = {isa = PBXFileReference; lastKnownFileType = sourcecode.swift; path = ViewController.swift; sourceTree = "<group>"; };
		42908DF41E2583B8002F71AE /* Base */ = {isa = PBXFileReference; lastKnownFileType = file.storyboard; name = Base; path = Base.lproj/Main.storyboard; sourceTree = "<group>"; };
		42908DF61E2583B8002F71AE /* Assets.xcassets */ = {isa = PBXFileReference; lastKnownFileType = folder.assetcatalog; path = Assets.xcassets; sourceTree = "<group>"; };
		42908DF91E2583B8002F71AE /* Base */ = {isa = PBXFileReference; lastKnownFileType = file.storyboard; name = Base; path = Base.lproj/LaunchScreen.storyboard; sourceTree = "<group>"; };
		42908DFB1E2583B8002F71AE /* Info.plist */ = {isa = PBXFileReference; lastKnownFileType = text.plist.xml; path = Info.plist; sourceTree = "<group>"; };
		AEE2D07A958B9424249D00DB /* Pods-Example-CocoaPods.release.xcconfig */ = {isa = PBXFileReference; includeInIndex = 1; lastKnownFileType = text.xcconfig; name = "Pods-Example-CocoaPods.release.xcconfig"; path = "Pods/Target Support Files/Pods-Example-CocoaPods/Pods-Example-CocoaPods.release.xcconfig"; sourceTree = "<group>"; };
		DEE1799E3711621ACFFE2841 /* Pods-Example-CocoaPods.debug.xcconfig */ = {isa = PBXFileReference; includeInIndex = 1; lastKnownFileType = text.xcconfig; name = "Pods-Example-CocoaPods.debug.xcconfig"; path = "Pods/Target Support Files/Pods-Example-CocoaPods/Pods-Example-CocoaPods.debug.xcconfig"; sourceTree = "<group>"; };
/* End PBXFileReference section */

/* Begin PBXFrameworksBuildPhase section */
		42908DE91E2583B8002F71AE /* Frameworks */ = {
			isa = PBXFrameworksBuildPhase;
			buildActionMask = 2147483647;
			files = (
				0C93DF6884202C8B553C9916 /* Pods_Example_CocoaPods.framework in Frameworks */,
			);
			runOnlyForDeploymentPostprocessing = 0;
		};
/* End PBXFrameworksBuildPhase section */

/* Begin PBXGroup section */
		42908DE31E2583B8002F71AE = {
			isa = PBXGroup;
			children = (
				42908DEE1E2583B8002F71AE /* Example-CocoaPods */,
				42908DED1E2583B8002F71AE /* Products */,
				DD0A6B53CADB33D327C59FA7 /* Pods */,
				949537A017FB4453AB3179EA /* Frameworks */,
			);
			sourceTree = "<group>";
		};
		42908DED1E2583B8002F71AE /* Products */ = {
			isa = PBXGroup;
			children = (
				42908DEC1E2583B8002F71AE /* Example-CocoaPods.app */,
			);
			name = Products;
			sourceTree = "<group>";
		};
		42908DEE1E2583B8002F71AE /* Example-CocoaPods */ = {
			isa = PBXGroup;
			children = (
				42908DEF1E2583B8002F71AE /* AppDelegate.swift */,
				42908DF11E2583B8002F71AE /* ViewController.swift */,
				42908DF31E2583B8002F71AE /* Main.storyboard */,
				42908DF61E2583B8002F71AE /* Assets.xcassets */,
				42908DF81E2583B8002F71AE /* LaunchScreen.storyboard */,
				42908DFB1E2583B8002F71AE /* Info.plist */,
			);
			path = "Example-CocoaPods";
			sourceTree = "<group>";
		};
		949537A017FB4453AB3179EA /* Frameworks */ = {
			isa = PBXGroup;
			children = (
				3667270BEF3BB1959C5517EB /* Pods_Example_CocoaPods.framework */,
			);
			name = Frameworks;
			sourceTree = "<group>";
		};
		DD0A6B53CADB33D327C59FA7 /* Pods */ = {
			isa = PBXGroup;
			children = (
				DEE1799E3711621ACFFE2841 /* Pods-Example-CocoaPods.debug.xcconfig */,
				AEE2D07A958B9424249D00DB /* Pods-Example-CocoaPods.release.xcconfig */,
			);
			name = Pods;
			sourceTree = "<group>";
		};
/* End PBXGroup section */

/* Begin PBXNativeTarget section */
		42908DEB1E2583B8002F71AE /* Example-CocoaPods */ = {
			isa = PBXNativeTarget;
			buildConfigurationList = 42908DFE1E2583B8002F71AE /* Build configuration list for PBXNativeTarget "Example-CocoaPods" */;
			buildPhases = (
				BD694461DAE49CE1622C5DBC /* [CP] Check Pods Manifest.lock */,
				42908DE81E2583B8002F71AE /* Sources */,
				42908DE91E2583B8002F71AE /* Frameworks */,
				42908DEA1E2583B8002F71AE /* Resources */,
				407332F1C3C793ECC8F18FD7 /* [CP] Embed Pods Frameworks */,
				ECFFF79D2DCF6E71BD69DF47 /* [CP] Copy Pods Resources */,
			);
			buildRules = (
			);
			dependencies = (
			);
			name = "Example-CocoaPods";
			productName = "Example-CocoaPods";
			productReference = 42908DEC1E2583B8002F71AE /* Example-CocoaPods.app */;
			productType = "com.apple.product-type.application";
		};
/* End PBXNativeTarget section */

/* Begin PBXProject section */
		42908DE41E2583B8002F71AE /* Project object */ = {
			isa = PBXProject;
			attributes = {
				LastSwiftUpdateCheck = 0820;
				LastUpgradeCheck = 0820;
				ORGANIZATIONNAME = "Daniil Gavrilov";
				TargetAttributes = {
					42908DEB1E2583B8002F71AE = {
						CreatedOnToolsVersion = 8.2.1;
						DevelopmentTeam = RU64C364MT;
						ProvisioningStyle = Automatic;
					};
				};
			};
			buildConfigurationList = 42908DE71E2583B8002F71AE /* Build configuration list for PBXProject "Example-CocoaPods" */;
			compatibilityVersion = "Xcode 3.2";
			developmentRegion = English;
			hasScannedForEncodings = 0;
			knownRegions = (
				en,
				Base,
			);
			mainGroup = 42908DE31E2583B8002F71AE;
			productRefGroup = 42908DED1E2583B8002F71AE /* Products */;
			projectDirPath = "";
			projectRoot = "";
			targets = (
				42908DEB1E2583B8002F71AE /* Example-CocoaPods */,
			);
		};
/* End PBXProject section */

/* Begin PBXResourcesBuildPhase section */
		42908DEA1E2583B8002F71AE /* Resources */ = {
			isa = PBXResourcesBuildPhase;
			buildActionMask = 2147483647;
			files = (
				42908DFA1E2583B8002F71AE /* LaunchScreen.storyboard in Resources */,
				42908DF71E2583B8002F71AE /* Assets.xcassets in Resources */,
				42908DF51E2583B8002F71AE /* Main.storyboard in Resources */,
			);
			runOnlyForDeploymentPostprocessing = 0;
		};
/* End PBXResourcesBuildPhase section */

/* Begin PBXShellScriptBuildPhase section */
		407332F1C3C793ECC8F18FD7 /* [CP] Embed Pods Frameworks */ = {
			isa = PBXShellScriptBuildPhase;
			buildActionMask = 2147483647;
			files = (
			);
			inputPaths = (
			);
			name = "[CP] Embed Pods Frameworks";
			outputPaths = (
			);
			runOnlyForDeploymentPostprocessing = 0;
			shellPath = /bin/sh;
			shellScript = "\"${SRCROOT}/Pods/Target Support Files/Pods-Example-CocoaPods/Pods-Example-CocoaPods-frameworks.sh\"\n";
			showEnvVarsInLog = 0;
		};
		BD694461DAE49CE1622C5DBC /* [CP] Check Pods Manifest.lock */ = {
			isa = PBXShellScriptBuildPhase;
			buildActionMask = 2147483647;
			files = (
			);
			inputPaths = (
			);
			name = "[CP] Check Pods Manifest.lock";
			outputPaths = (
			);
			runOnlyForDeploymentPostprocessing = 0;
			shellPath = /bin/sh;
			shellScript = "diff \"${PODS_ROOT}/../Podfile.lock\" \"${PODS_ROOT}/Manifest.lock\" > /dev/null\nif [ $? != 0 ] ; then\n    # print error to STDERR\n    echo \"error: The sandbox is not in sync with the Podfile.lock. Run 'pod install' or update your CocoaPods installation.\" >&2\n    exit 1\nfi\n";
			showEnvVarsInLog = 0;
		};
		ECFFF79D2DCF6E71BD69DF47 /* [CP] Copy Pods Resources */ = {
			isa = PBXShellScriptBuildPhase;
			buildActionMask = 2147483647;
			files = (
			);
			inputPaths = (
			);
			name = "[CP] Copy Pods Resources";
			outputPaths = (
			);
			runOnlyForDeploymentPostprocessing = 0;
			shellPath = /bin/sh;
			shellScript = "\"${SRCROOT}/Pods/Target Support Files/Pods-Example-CocoaPods/Pods-Example-CocoaPods-resources.sh\"\n";
			showEnvVarsInLog = 0;
		};
/* End PBXShellScriptBuildPhase section */

/* Begin PBXSourcesBuildPhase section */
		42908DE81E2583B8002F71AE /* Sources */ = {
			isa = PBXSourcesBuildPhase;
			buildActionMask = 2147483647;
			files = (
				42908DF21E2583B8002F71AE /* ViewController.swift in Sources */,
				42908DF01E2583B8002F71AE /* AppDelegate.swift in Sources */,
			);
			runOnlyForDeploymentPostprocessing = 0;
		};
/* End PBXSourcesBuildPhase section */

/* Begin PBXVariantGroup section */
		42908DF31E2583B8002F71AE /* Main.storyboard */ = {
			isa = PBXVariantGroup;
			children = (
				42908DF41E2583B8002F71AE /* Base */,
			);
			name = Main.storyboard;
			sourceTree = "<group>";
		};
		42908DF81E2583B8002F71AE /* LaunchScreen.storyboard */ = {
			isa = PBXVariantGroup;
			children = (
				42908DF91E2583B8002F71AE /* Base */,
			);
			name = LaunchScreen.storyboard;
			sourceTree = "<group>";
		};
/* End PBXVariantGroup section */

/* Begin XCBuildConfiguration section */
		42908DFC1E2583B8002F71AE /* Debug */ = {
			isa = XCBuildConfiguration;
			buildSettings = {
				ALWAYS_SEARCH_USER_PATHS = NO;
				CLANG_ANALYZER_NONNULL = YES;
				CLANG_CXX_LANGUAGE_STANDARD = "gnu++0x";
				CLANG_CXX_LIBRARY = "libc++";
				CLANG_ENABLE_MODULES = YES;
				CLANG_ENABLE_OBJC_ARC = YES;
				CLANG_WARN_BOOL_CONVERSION = YES;
				CLANG_WARN_CONSTANT_CONVERSION = YES;
				CLANG_WARN_DIRECT_OBJC_ISA_USAGE = YES_ERROR;
				CLANG_WARN_DOCUMENTATION_COMMENTS = YES;
				CLANG_WARN_EMPTY_BODY = YES;
				CLANG_WARN_ENUM_CONVERSION = YES;
				CLANG_WARN_INFINITE_RECURSION = YES;
				CLANG_WARN_INT_CONVERSION = YES;
				CLANG_WARN_OBJC_ROOT_CLASS = YES_ERROR;
				CLANG_WARN_SUSPICIOUS_MOVE = YES;
				CLANG_WARN_UNREACHABLE_CODE = YES;
				CLANG_WARN__DUPLICATE_METHOD_MATCH = YES;
				"CODE_SIGN_IDENTITY[sdk=iphoneos*]" = "iPhone Developer";
				COPY_PHASE_STRIP = NO;
				DEBUG_INFORMATION_FORMAT = dwarf;
				ENABLE_STRICT_OBJC_MSGSEND = YES;
				ENABLE_TESTABILITY = YES;
				GCC_C_LANGUAGE_STANDARD = gnu99;
				GCC_DYNAMIC_NO_PIC = NO;
				GCC_NO_COMMON_BLOCKS = YES;
				GCC_OPTIMIZATION_LEVEL = 0;
				GCC_PREPROCESSOR_DEFINITIONS = (
					"DEBUG=1",
					"$(inherited)",
				);
				GCC_WARN_64_TO_32_BIT_CONVERSION = YES;
				GCC_WARN_ABOUT_RETURN_TYPE = YES_ERROR;
				GCC_WARN_UNDECLARED_SELECTOR = YES;
				GCC_WARN_UNINITIALIZED_AUTOS = YES_AGGRESSIVE;
				GCC_WARN_UNUSED_FUNCTION = YES;
				GCC_WARN_UNUSED_VARIABLE = YES;
				IPHONEOS_DEPLOYMENT_TARGET = 8.0;
				MTL_ENABLE_DEBUG_INFO = YES;
				ONLY_ACTIVE_ARCH = YES;
				SDKROOT = iphoneos;
				SWIFT_ACTIVE_COMPILATION_CONDITIONS = DEBUG;
				SWIFT_OPTIMIZATION_LEVEL = "-Onone";
				TARGETED_DEVICE_FAMILY = "1,2";
			};
			name = Debug;
		};
		42908DFD1E2583B8002F71AE /* Release */ = {
			isa = XCBuildConfiguration;
			buildSettings = {
				ALWAYS_SEARCH_USER_PATHS = NO;
				CLANG_ANALYZER_NONNULL = YES;
				CLANG_CXX_LANGUAGE_STANDARD = "gnu++0x";
				CLANG_CXX_LIBRARY = "libc++";
				CLANG_ENABLE_MODULES = YES;
				CLANG_ENABLE_OBJC_ARC = YES;
				CLANG_WARN_BOOL_CONVERSION = YES;
				CLANG_WARN_CONSTANT_CONVERSION = YES;
				CLANG_WARN_DIRECT_OBJC_ISA_USAGE = YES_ERROR;
				CLANG_WARN_DOCUMENTATION_COMMENTS = YES;
				CLANG_WARN_EMPTY_BODY = YES;
				CLANG_WARN_ENUM_CONVERSION = YES;
				CLANG_WARN_INFINITE_RECURSION = YES;
				CLANG_WARN_INT_CONVERSION = YES;
				CLANG_WARN_OBJC_ROOT_CLASS = YES_ERROR;
				CLANG_WARN_SUSPICIOUS_MOVE = YES;
				CLANG_WARN_UNREACHABLE_CODE = YES;
				CLANG_WARN__DUPLICATE_METHOD_MATCH = YES;
				"CODE_SIGN_IDENTITY[sdk=iphoneos*]" = "iPhone Developer";
				COPY_PHASE_STRIP = NO;
				DEBUG_INFORMATION_FORMAT = "dwarf-with-dsym";
				ENABLE_NS_ASSERTIONS = NO;
				ENABLE_STRICT_OBJC_MSGSEND = YES;
				GCC_C_LANGUAGE_STANDARD = gnu99;
				GCC_NO_COMMON_BLOCKS = YES;
				GCC_WARN_64_TO_32_BIT_CONVERSION = YES;
				GCC_WARN_ABOUT_RETURN_TYPE = YES_ERROR;
				GCC_WARN_UNDECLARED_SELECTOR = YES;
				GCC_WARN_UNINITIALIZED_AUTOS = YES_AGGRESSIVE;
				GCC_WARN_UNUSED_FUNCTION = YES;
				GCC_WARN_UNUSED_VARIABLE = YES;
				IPHONEOS_DEPLOYMENT_TARGET = 8.0;
				MTL_ENABLE_DEBUG_INFO = NO;
				SDKROOT = iphoneos;
				SWIFT_OPTIMIZATION_LEVEL = "-Owholemodule";
				TARGETED_DEVICE_FAMILY = "1,2";
				VALIDATE_PRODUCT = YES;
			};
			name = Release;
		};
		42908DFF1E2583B8002F71AE /* Debug */ = {
			isa = XCBuildConfiguration;
			baseConfigurationReference = DEE1799E3711621ACFFE2841 /* Pods-Example-CocoaPods.debug.xcconfig */;
			buildSettings = {
				ALWAYS_EMBED_SWIFT_STANDARD_LIBRARIES = YES;
				ASSETCATALOG_COMPILER_APPICON_NAME = AppIcon;
				DEVELOPMENT_TEAM = RU64C364MT;
				INFOPLIST_FILE = "Example-CocoaPods/Info.plist";
				IPHONEOS_DEPLOYMENT_TARGET = 8.0;
				LD_RUNPATH_SEARCH_PATHS = "$(inherited) @executable_path/Frameworks";
				PRODUCT_BUNDLE_IDENTIFIER = "GD.Example-CocoaPods";
				PRODUCT_NAME = "$(TARGET_NAME)";
				SWIFT_VERSION = 3.0;
			};
			name = Debug;
		};
		42908E001E2583B8002F71AE /* Release */ = {
			isa = XCBuildConfiguration;
			baseConfigurationReference = AEE2D07A958B9424249D00DB /* Pods-Example-CocoaPods.release.xcconfig */;
			buildSettings = {
				ALWAYS_EMBED_SWIFT_STANDARD_LIBRARIES = YES;
				ASSETCATALOG_COMPILER_APPICON_NAME = AppIcon;
				DEVELOPMENT_TEAM = RU64C364MT;
				INFOPLIST_FILE = "Example-CocoaPods/Info.plist";
				IPHONEOS_DEPLOYMENT_TARGET = 8.0;
				LD_RUNPATH_SEARCH_PATHS = "$(inherited) @executable_path/Frameworks";
				PRODUCT_BUNDLE_IDENTIFIER = "GD.Example-CocoaPods";
				PRODUCT_NAME = "$(TARGET_NAME)";
				SWIFT_VERSION = 3.0;
			};
			name = Release;
		};
/* End XCBuildConfiguration section */

/* Begin XCConfigurationList section */
		42908DE71E2583B8002F71AE /* Build configuration list for PBXProject "Example-CocoaPods" */ = {
			isa = XCConfigurationList;
			buildConfigurations = (
				42908DFC1E2583B8002F71AE /* Debug */,
				42908DFD1E2583B8002F71AE /* Release */,
			);
			defaultConfigurationIsVisible = 0;
			defaultConfigurationName = Release;
		};
		42908DFE1E2583B8002F71AE /* Build configuration list for PBXNativeTarget "Example-CocoaPods" */ = {
			isa = XCConfigurationList;
			buildConfigurations = (
				42908DFF1E2583B8002F71AE /* Debug */,
				42908E001E2583B8002F71AE /* Release */,
			);
			defaultConfigurationIsVisible = 0;
			defaultConfigurationName = Release;
		};
/* End XCConfigurationList section */
	};
	rootObject = 42908DE41E2583B8002F71AE /* Project object */;
}
